
Microsoft Visual Studio Solution File, Format Version 12.00
# Visual Studio Version 16
VisualStudioVersion = 16.0.28917.181
MinimumVisualStudioVersion = 10.0.40219.1
Project("{FAE04EC0-301F-11D3-BF4B-00C04F79EFBC}") = "RabbitMQ_DeadLetter_App", "RabbitMQ_DeadLetter_App\RabbitMQ_DeadLetter_App.csproj", "{D129435D-D527-4536-968C-4BBDAA24C8F6}"
EndProject
Global
	GlobalSection(SolutionConfigurationPlatforms) = preSolution
		Debug|Any CPU = Debug|Any CPU
		Release|Any CPU = Release|Any CPU
	EndGlobalSection
	GlobalSection(ProjectConfigurationPlatforms) = postSolution
		{D129435D-D527-4536-968C-4BBDAA24C8F6}.Debug|Any CPU.ActiveCfg = Debug|Any CPU
		{D129435D-D527-4536-968C-4BBDAA24C8F6}.Debug|Any CPU.Build.0 = Debug|Any CPU
		{D129435D-D527-4536-968C-4BBDAA24C8F6}.Release|Any CPU.ActiveCfg = Release|Any CPU
		{D129435D-D527-4536-968C-4BBDAA24C8F6}.Release|Any CPU.Build.0 = Release|Any CPU
	EndGlobalSection
	GlobalSection(SolutionProperties) = preSolution
		HideSolutionNode = FALSE
	EndGlobalSection
	GlobalSection(ExtensibilityGlobals) = postSolution
		SolutionGuid = {F834582A-C258-464D-B576-9DD004093D3F}
	EndGlobalSection
EndGlobal
